
Microsoft Visual Studio Solution File, Format Version 12.00
# Visual Studio Version 17
VisualStudioVersion = 17.13.35818.85 d17.13
MinimumVisualStudioVersion = 10.0.40219.1
Project("{8BC9CEB8-8B4A-11D0-8D11-00A0C91BC942}") = "WindowsProject1", "WindowsProject1.vcxproj", "{C11B24B1-9EFE-416A-A0F5-3B28D4D15208}"
EndProject
Global
	GlobalSection(SolutionConfigurationPlatforms) = preSolution
		Debug|ARM64 = Debug|ARM64
		Debug|x64 = Debug|x64
		Debug|x86 = Debug|x86
		Release|ARM64 = Release|ARM64
		Release|x64 = Release|x64
		Release|x86 = Release|x86
	EndGlobalSection
	GlobalSection(ProjectConfigurationPlatforms) = postSolution
		{C11B24B1-9EFE-416A-A0F5-3B28D4D15208}.Debug|ARM64.ActiveCfg = Debug|ARM64
		{C11B24B1-9EFE-416A-A0F5-3B28D4D15208}.Debug|ARM64.Build.0 = Debug|ARM64
		{C11B24B1-9EFE-416A-A0F5-3B28D4D15208}.Debug|x64.ActiveCfg = Debug|x64
		{C11B24B1-9EFE-416A-A0F5-3B28D4D15208}.Debug|x64.Build.0 = Debug|x64
		{C11B24B1-9EFE-416A-A0F5-3B28D4D15208}.Debug|x86.ActiveCfg = Debug|Win32
		{C11B24B1-9EFE-416A-A0F5-3B28D4D15208}.Debug|x86.Build.0 = Debug|Win32
		{C11B24B1-9EFE-416A-A0F5-3B28D4D15208}.Release|ARM64.ActiveCfg = Release|ARM64
		{C11B24B1-9EFE-416A-A0F5-3B28D4D15208}.Release|ARM64.Build.0 = Release|ARM64
		{C11B24B1-9EFE-416A-A0F5-3B28D4D15208}.Release|x64.ActiveCfg = Release|x64
		{C11B24B1-9EFE-416A-A0F5-3B28D4D15208}.Release|x64.Build.0 = Release|x64
		{C11B24B1-9EFE-416A-A0F5-3B28D4D15208}.Release|x86.ActiveCfg = Release|Win32
		{C11B24B1-9EFE-416A-A0F5-3B28D4D15208}.Release|x86.Build.0 = Release|Win32
	EndGlobalSection
	GlobalSection(SolutionProperties) = preSolution
		HideSolutionNode = FALSE
	EndGlobalSection
	GlobalSection(ExtensibilityGlobals) = postSolution
		SolutionGuid = {F499A1C1-AB21-44D7-8684-491ADA9AB09C}
	EndGlobalSection
EndGlobal
